
Microsoft Visual Studio Solution File, Format Version 12.00
# Visual Studio Version 17
VisualStudioVersion = 17.6.33723.286
MinimumVisualStudioVersion = 10.0.40219.1
Project("{FAE04EC0-301F-11D3-BF4B-00C04F79EFBC}") = "PROJECT WEB", "PROJECT WEB\PROJECT WEB.csproj", "{2A4E4544-0540-4C1B-BE01-11F8F381CB65}"
EndProject
Global
	GlobalSection(SolutionConfigurationPlatforms) = preSolution
		Debug|Any CPU = Debug|Any CPU
		Release|Any CPU = Release|Any CPU
	EndGlobalSection
	GlobalSection(ProjectConfigurationPlatforms) = postSolution
		{2A4E4544-0540-4C1B-BE01-11F8F381CB65}.Debug|Any CPU.ActiveCfg = Debug|Any CPU
		{2A4E4544-0540-4C1B-BE01-11F8F381CB65}.Debug|Any CPU.Build.0 = Debug|Any CPU
		{2A4E4544-0540-4C1B-BE01-11F8F381CB65}.Release|Any CPU.ActiveCfg = Release|Any CPU
		{2A4E4544-0540-4C1B-BE01-11F8F381CB65}.Release|Any CPU.Build.0 = Release|Any CPU
	EndGlobalSection
	GlobalSection(SolutionProperties) = preSolution
		HideSolutionNode = FALSE
	EndGlobalSection
	GlobalSection(ExtensibilityGlobals) = postSolution
		SolutionGuid = {8379EDE0-6A90-45C9-874E-3806EFB1042C}
	EndGlobalSection
EndGlobal
